
Microsoft Visual Studio Solution File, Format Version 12.00
# Visual Studio Version 17
VisualStudioVersion = 17.3.32929.385
MinimumVisualStudioVersion = 10.0.40219.1
Project("{9A19103F-16F7-4668-BE54-9A1E7A4F7556}") = "Professional", "Professional\Professional.csproj", "{0043511A-872B-45E9-BA25-400842F3C41A}"
EndProject
Project("{9A19103F-16F7-4668-BE54-9A1E7A4F7556}") = "Repository", "Repository\Repository.csproj", "{6CC45068-9F16-42B3-A506-09554BDE8700}"
EndProject
Project("{FAE04EC0-301F-11D3-BF4B-00C04F79EFBC}") = "Services", "Services\Services.csproj", "{06D0BEF8-58EB-4757-994C-25B9B97CF072}"
EndProject
Project("{FAE04EC0-301F-11D3-BF4B-00C04F79EFBC}") = "Common", "Common\Common.csproj", "{ED904F43-B598-46FC-AA46-B44E4DFA2ECC}"
EndProject
Project("{FAE04EC0-301F-11D3-BF4B-00C04F79EFBC}") = "DataContext", "DataContext\DataContext.csproj", "{B160F4BA-830A-42B1-81DE-7A429505238A}"
EndProject
Global
	GlobalSection(SolutionConfigurationPlatforms) = preSolution
		Debug|Any CPU = Debug|Any CPU
		Release|Any CPU = Release|Any CPU
	EndGlobalSection
	GlobalSection(ProjectConfigurationPlatforms) = postSolution
		{0043511A-872B-45E9-BA25-400842F3C41A}.Debug|Any CPU.ActiveCfg = Debug|Any CPU
		{0043511A-872B-45E9-BA25-400842F3C41A}.Debug|Any CPU.Build.0 = Debug|Any CPU
		{0043511A-872B-45E9-BA25-400842F3C41A}.Release|Any CPU.ActiveCfg = Release|Any CPU
		{0043511A-872B-45E9-BA25-400842F3C41A}.Release|Any CPU.Build.0 = Release|Any CPU
		{6CC45068-9F16-42B3-A506-09554BDE8700}.Debug|Any CPU.ActiveCfg = Debug|Any CPU
		{6CC45068-9F16-42B3-A506-09554BDE8700}.Debug|Any CPU.Build.0 = Debug|Any CPU
		{6CC45068-9F16-42B3-A506-09554BDE8700}.Release|Any CPU.ActiveCfg = Release|Any CPU
		{6CC45068-9F16-42B3-A506-09554BDE8700}.Release|Any CPU.Build.0 = Release|Any CPU
		{06D0BEF8-58EB-4757-994C-25B9B97CF072}.Debug|Any CPU.ActiveCfg = Debug|Any CPU
		{06D0BEF8-58EB-4757-994C-25B9B97CF072}.Debug|Any CPU.Build.0 = Debug|Any CPU
		{06D0BEF8-58EB-4757-994C-25B9B97CF072}.Release|Any CPU.ActiveCfg = Release|Any CPU
		{06D0BEF8-58EB-4757-994C-25B9B97CF072}.Release|Any CPU.Build.0 = Release|Any CPU
		{ED904F43-B598-46FC-AA46-B44E4DFA2ECC}.Debug|Any CPU.ActiveCfg = Debug|Any CPU
		{ED904F43-B598-46FC-AA46-B44E4DFA2ECC}.Debug|Any CPU.Build.0 = Debug|Any CPU
		{ED904F43-B598-46FC-AA46-B44E4DFA2ECC}.Release|Any CPU.ActiveCfg = Release|Any CPU
		{ED904F43-B598-46FC-AA46-B44E4DFA2ECC}.Release|Any CPU.Build.0 = Release|Any CPU
		{B160F4BA-830A-42B1-81DE-7A429505238A}.Debug|Any CPU.ActiveCfg = Debug|Any CPU
		{B160F4BA-830A-42B1-81DE-7A429505238A}.Debug|Any CPU.Build.0 = Debug|Any CPU
		{B160F4BA-830A-42B1-81DE-7A429505238A}.Release|Any CPU.ActiveCfg = Release|Any CPU
		{B160F4BA-830A-42B1-81DE-7A429505238A}.Release|Any CPU.Build.0 = Release|Any CPU
	EndGlobalSection
	GlobalSection(SolutionProperties) = preSolution
		HideSolutionNode = FALSE
	EndGlobalSection
	GlobalSection(ExtensibilityGlobals) = postSolution
		SolutionGuid = {C740D310-9144-4394-B294-B7A81DDED269}
	EndGlobalSection
EndGlobal
